// !$*UTF8*$!
{
	archiveVersion = 1;
	classes = {
	};
	objectVersion = 50;
	objects = {

/* Begin PBXBuildFile section */
		04EEE278F93FA82B0542FED8 /* Pods_UberCloneTests.framework in Frameworks */ = {isa = PBXBuildFile; fileRef = 6AEED29F71581537935FF253 /* Pods_UberCloneTests.framework */; };
		7A7841469EB689B2C0D377C0 /* Pods_UberClone.framework in Frameworks */ = {isa = PBXBuildFile; fileRef = 7A1979A1F1D2A37C5C7D8C01 /* Pods_UberClone.framework */; };
		DE80C333DA3C222EDC062B61 /* Pods_UberClone_UberCloneUITests.framework in Frameworks */ = {isa = PBXBuildFile; fileRef = 058C427E53A790AAFF6F4954 /* Pods_UberClone_UberCloneUITests.framework */; };
		F034572A24CF190D00CEC196 /* test.json in Resources */ = {isa = PBXBuildFile; fileRef = F034572924CF190D00CEC196 /* test.json */; };
		F07BE4B224CF059D0080C18D /* AppDelegate.swift in Sources */ = {isa = PBXBuildFile; fileRef = F07BE4B124CF059D0080C18D /* AppDelegate.swift */; };
		F07BE4B424CF059D0080C18D /* SceneDelegate.swift in Sources */ = {isa = PBXBuildFile; fileRef = F07BE4B324CF059D0080C18D /* SceneDelegate.swift */; };
		F07BE4B624CF059D0080C18D /* ViewController.swift in Sources */ = {isa = PBXBuildFile; fileRef = F07BE4B524CF059D0080C18D /* ViewController.swift */; };
		F07BE4BB24CF059E0080C18D /* Assets.xcassets in Resources */ = {isa = PBXBuildFile; fileRef = F07BE4BA24CF059E0080C18D /* Assets.xcassets */; };
		F07BE4BE24CF059E0080C18D /* LaunchScreen.storyboard in Resources */ = {isa = PBXBuildFile; fileRef = F07BE4BC24CF059E0080C18D /* LaunchScreen.storyboard */; };
		F07BE4C924CF059E0080C18D /* UberCloneTests.swift in Sources */ = {isa = PBXBuildFile; fileRef = F07BE4C824CF059E0080C18D /* UberCloneTests.swift */; };
		F07BE4D424CF059E0080C18D /* UberCloneUITests.swift in Sources */ = {isa = PBXBuildFile; fileRef = F07BE4D324CF059E0080C18D /* UberCloneUITests.swift */; };
/* End PBXBuildFile section */

/* Begin PBXContainerItemProxy section */
		F07BE4C524CF059E0080C18D /* PBXContainerItemProxy */ = {
			isa = PBXContainerItemProxy;
			containerPortal = F07BE4A624CF059D0080C18D /* Project object */;
			proxyType = 1;
			remoteGlobalIDString = F07BE4AD24CF059D0080C18D;
			remoteInfo = UberClone;
		};
		F07BE4D024CF059E0080C18D /* PBXContainerItemProxy */ = {
			isa = PBXContainerItemProxy;
			containerPortal = F07BE4A624CF059D0080C18D /* Project object */;
			proxyType = 1;
			remoteGlobalIDString = F07BE4AD24CF059D0080C18D;
			remoteInfo = UberClone;
		};
/* End PBXContainerItemProxy section */

/* Begin PBXFileReference section */
		058C427E53A790AAFF6F4954 /* Pods_UberClone_UberCloneUITests.framework */ = {isa = PBXFileReference; explicitFileType = wrapper.framework; includeInIndex = 0; path = Pods_UberClone_UberCloneUITests.framework; sourceTree = BUILT_PRODUCTS_DIR; };
		16E7B9B4D98B536FAA23F61C /* Pods-UberClone-UberCloneUITests.release.xcconfig */ = {isa = PBXFileReference; includeInIndex = 1; lastKnownFileType = text.xcconfig; name = "Pods-UberClone-UberCloneUITests.release.xcconfig"; path = "Target Support Files/Pods-UberClone-UberCloneUITests/Pods-UberClone-UberCloneUITests.release.xcconfig"; sourceTree = "<group>"; };
		43BECD11654D6CE1BDABD4C7 /* Pods-UberCloneTests.debug.xcconfig */ = {isa = PBXFileReference; includeInIndex = 1; lastKnownFileType = text.xcconfig; name = "Pods-UberCloneTests.debug.xcconfig"; path = "Target Support Files/Pods-UberCloneTests/Pods-UberCloneTests.debug.xcconfig"; sourceTree = "<group>"; };
		5526B7681376EF4FDDFB04AA /* Pods-UberClone.release.xcconfig */ = {isa = PBXFileReference; includeInIndex = 1; lastKnownFileType = text.xcconfig; name = "Pods-UberClone.release.xcconfig"; path = "Target Support Files/Pods-UberClone/Pods-UberClone.release.xcconfig"; sourceTree = "<group>"; };
		65030CE855BE9CD1DBBFC6EC /* Pods-UberClone-UberCloneUITests.debug.xcconfig */ = {isa = PBXFileReference; includeInIndex = 1; lastKnownFileType = text.xcconfig; name = "Pods-UberClone-UberCloneUITests.debug.xcconfig"; path = "Target Support Files/Pods-UberClone-UberCloneUITests/Pods-UberClone-UberCloneUITests.debug.xcconfig"; sourceTree = "<group>"; };
		6AEED29F71581537935FF253 /* Pods_UberCloneTests.framework */ = {isa = PBXFileReference; explicitFileType = wrapper.framework; includeInIndex = 0; path = Pods_UberCloneTests.framework; sourceTree = BUILT_PRODUCTS_DIR; };
		7A1979A1F1D2A37C5C7D8C01 /* Pods_UberClone.framework */ = {isa = PBXFileReference; explicitFileType = wrapper.framework; includeInIndex = 0; path = Pods_UberClone.framework; sourceTree = BUILT_PRODUCTS_DIR; };
		A329E4BA73E21E52E63FA7A2 /* Pods-UberCloneTests.release.xcconfig */ = {isa = PBXFileReference; includeInIndex = 1; lastKnownFileType = text.xcconfig; name = "Pods-UberCloneTests.release.xcconfig"; path = "Target Support Files/Pods-UberCloneTests/Pods-UberCloneTests.release.xcconfig"; sourceTree = "<group>"; };
		C832560B37EBD58D900955BA /* Pods-UberClone.debug.xcconfig */ = {isa = PBXFileReference; includeInIndex = 1; lastKnownFileType = text.xcconfig; name = "Pods-UberClone.debug.xcconfig"; path = "Target Support Files/Pods-UberClone/Pods-UberClone.debug.xcconfig"; sourceTree = "<group>"; };
		F034572924CF190D00CEC196 /* test.json */ = {isa = PBXFileReference; lastKnownFileType = text.json; path = test.json; sourceTree = "<group>"; };
		F07BE4AE24CF059D0080C18D /* UberClone.app */ = {isa = PBXFileReference; explicitFileType = wrapper.application; includeInIndex = 0; path = UberClone.app; sourceTree = BUILT_PRODUCTS_DIR; };
		F07BE4B124CF059D0080C18D /* AppDelegate.swift */ = {isa = PBXFileReference; lastKnownFileType = sourcecode.swift; path = AppDelegate.swift; sourceTree = "<group>"; };
		F07BE4B324CF059D0080C18D /* SceneDelegate.swift */ = {isa = PBXFileReference; lastKnownFileType = sourcecode.swift; path = SceneDelegate.swift; sourceTree = "<group>"; };
		F07BE4B524CF059D0080C18D /* ViewController.swift */ = {isa = PBXFileReference; lastKnownFileType = sourcecode.swift; path = ViewController.swift; sourceTree = "<group>"; };
		F07BE4BA24CF059E0080C18D /* Assets.xcassets */ = {isa = PBXFileReference; lastKnownFileType = folder.assetcatalog; path = Assets.xcassets; sourceTree = "<group>"; };
		F07BE4BD24CF059E0080C18D /* Base */ = {isa = PBXFileReference; lastKnownFileType = file.storyboard; name = Base; path = Base.lproj/LaunchScreen.storyboard; sourceTree = "<group>"; };
		F07BE4BF24CF059E0080C18D /* Info.plist */ = {isa = PBXFileReference; lastKnownFileType = text.plist.xml; path = Info.plist; sourceTree = "<group>"; };
		F07BE4C424CF059E0080C18D /* UberCloneTests.xctest */ = {isa = PBXFileReference; explicitFileType = wrapper.cfbundle; includeInIndex = 0; path = UberCloneTests.xctest; sourceTree = BUILT_PRODUCTS_DIR; };
		F07BE4C824CF059E0080C18D /* UberCloneTests.swift */ = {isa = PBXFileReference; lastKnownFileType = sourcecode.swift; path = UberCloneTests.swift; sourceTree = "<group>"; };
		F07BE4CA24CF059E0080C18D /* Info.plist */ = {isa = PBXFileReference; lastKnownFileType = text.plist.xml; path = Info.plist; sourceTree = "<group>"; };
		F07BE4CF24CF059E0080C18D /* UberCloneUITests.xctest */ = {isa = PBXFileReference; explicitFileType = wrapper.cfbundle; includeInIndex = 0; path = UberCloneUITests.xctest; sourceTree = BUILT_PRODUCTS_DIR; };
		F07BE4D324CF059E0080C18D /* UberCloneUITests.swift */ = {isa = PBXFileReference; lastKnownFileType = sourcecode.swift; path = UberCloneUITests.swift; sourceTree = "<group>"; };
		F07BE4D524CF059E0080C18D /* Info.plist */ = {isa = PBXFileReference; lastKnownFileType = text.plist.xml; path = Info.plist; sourceTree = "<group>"; };
/* End PBXFileReference section */

/* Begin PBXFrameworksBuildPhase section */
		F07BE4AB24CF059D0080C18D /* Frameworks */ = {
			isa = PBXFrameworksBuildPhase;
			buildActionMask = 2147483647;
			files = (
				7A7841469EB689B2C0D377C0 /* Pods_UberClone.framework in Frameworks */,
			);
			runOnlyForDeploymentPostprocessing = 0;
		};
		F07BE4C124CF059E0080C18D /* Frameworks */ = {
			isa = PBXFrameworksBuildPhase;
			buildActionMask = 2147483647;
			files = (
				04EEE278F93FA82B0542FED8 /* Pods_UberCloneTests.framework in Frameworks */,
			);
			runOnlyForDeploymentPostprocessing = 0;
		};
		F07BE4CC24CF059E0080C18D /* Frameworks */ = {
			isa = PBXFrameworksBuildPhase;
			buildActionMask = 2147483647;
			files = (
				DE80C333DA3C222EDC062B61 /* Pods_UberClone_UberCloneUITests.framework in Frameworks */,
			);
			runOnlyForDeploymentPostprocessing = 0;
		};
/* End PBXFrameworksBuildPhase section */

/* Begin PBXGroup section */
		0FF9C2CFAC05C1AC555AFCBA /* Frameworks */ = {
			isa = PBXGroup;
			children = (
				7A1979A1F1D2A37C5C7D8C01 /* Pods_UberClone.framework */,
				058C427E53A790AAFF6F4954 /* Pods_UberClone_UberCloneUITests.framework */,
				6AEED29F71581537935FF253 /* Pods_UberCloneTests.framework */,
			);
			name = Frameworks;
			sourceTree = "<group>";
		};
		50561FD96DE930E79A9EB984 /* Pods */ = {
			isa = PBXGroup;
			children = (
				C832560B37EBD58D900955BA /* Pods-UberClone.debug.xcconfig */,
				5526B7681376EF4FDDFB04AA /* Pods-UberClone.release.xcconfig */,
				65030CE855BE9CD1DBBFC6EC /* Pods-UberClone-UberCloneUITests.debug.xcconfig */,
				16E7B9B4D98B536FAA23F61C /* Pods-UberClone-UberCloneUITests.release.xcconfig */,
				43BECD11654D6CE1BDABD4C7 /* Pods-UberCloneTests.debug.xcconfig */,
				A329E4BA73E21E52E63FA7A2 /* Pods-UberCloneTests.release.xcconfig */,
			);
			name = Pods;
			path = Pods;
			sourceTree = "<group>";
		};
		F07BE4A524CF059D0080C18D = {
			isa = PBXGroup;
			children = (
				F07BE4B024CF059D0080C18D /* UberClone */,
				F07BE4C724CF059E0080C18D /* UberCloneTests */,
				F07BE4D224CF059E0080C18D /* UberCloneUITests */,
				F07BE4AF24CF059D0080C18D /* Products */,
				50561FD96DE930E79A9EB984 /* Pods */,
				0FF9C2CFAC05C1AC555AFCBA /* Frameworks */,
			);
			sourceTree = "<group>";
		};
		F07BE4AF24CF059D0080C18D /* Products */ = {
			isa = PBXGroup;
			children = (
				F07BE4AE24CF059D0080C18D /* UberClone.app */,
				F07BE4C424CF059E0080C18D /* UberCloneTests.xctest */,
				F07BE4CF24CF059E0080C18D /* UberCloneUITests.xctest */,
			);
			name = Products;
			sourceTree = "<group>";
		};
		F07BE4B024CF059D0080C18D /* UberClone */ = {
			isa = PBXGroup;
			children = (
				F07BE4B124CF059D0080C18D /* AppDelegate.swift */,
				F07BE4B324CF059D0080C18D /* SceneDelegate.swift */,
				F07BE4B524CF059D0080C18D /* ViewController.swift */,
				F07BE4BA24CF059E0080C18D /* Assets.xcassets */,
				F07BE4BC24CF059E0080C18D /* LaunchScreen.storyboard */,
				F07BE4BF24CF059E0080C18D /* Info.plist */,
			);
			path = UberClone;
			sourceTree = "<group>";
		};
		F07BE4C724CF059E0080C18D /* UberCloneTests */ = {
			isa = PBXGroup;
			children = (
				F07BE4C824CF059E0080C18D /* UberCloneTests.swift */,
				F07BE4CA24CF059E0080C18D /* Info.plist */,
				F034572924CF190D00CEC196 /* test.json */,
			);
			path = UberCloneTests;
			sourceTree = "<group>";
		};
		F07BE4D224CF059E0080C18D /* UberCloneUITests */ = {
			isa = PBXGroup;
			children = (
				F07BE4D324CF059E0080C18D /* UberCloneUITests.swift */,
				F07BE4D524CF059E0080C18D /* Info.plist */,
			);
			path = UberCloneUITests;
			sourceTree = "<group>";
		};
/* End PBXGroup section */

/* Begin PBXNativeTarget section */
		F07BE4AD24CF059D0080C18D /* UberClone */ = {
			isa = PBXNativeTarget;
			buildConfigurationList = F07BE4D824CF059E0080C18D /* Build configuration list for PBXNativeTarget "UberClone" */;
			buildPhases = (
				2A827C985602B8252B6E1287 /* [CP] Check Pods Manifest.lock */,
				F07BE4AA24CF059D0080C18D /* Sources */,
				F07BE4AB24CF059D0080C18D /* Frameworks */,
				F07BE4AC24CF059D0080C18D /* Resources */,
				33E0AF091266E8A260D3DC7C /* [CP] Embed Pods Frameworks */,
			);
			buildRules = (
			);
			dependencies = (
			);
			name = UberClone;
			productName = UberClone;
			productReference = F07BE4AE24CF059D0080C18D /* UberClone.app */;
			productType = "com.apple.product-type.application";
		};
		F07BE4C324CF059E0080C18D /* UberCloneTests */ = {
			isa = PBXNativeTarget;
			buildConfigurationList = F07BE4DB24CF059E0080C18D /* Build configuration list for PBXNativeTarget "UberCloneTests" */;
			buildPhases = (
				7EF93777C3F35B784784A5F8 /* [CP] Check Pods Manifest.lock */,
				F07BE4C024CF059E0080C18D /* Sources */,
				F07BE4C124CF059E0080C18D /* Frameworks */,
				F07BE4C224CF059E0080C18D /* Resources */,
			);
			buildRules = (
			);
			dependencies = (
				F07BE4C624CF059E0080C18D /* PBXTargetDependency */,
			);
			name = UberCloneTests;
			productName = UberCloneTests;
			productReference = F07BE4C424CF059E0080C18D /* UberCloneTests.xctest */;
			productType = "com.apple.product-type.bundle.unit-test";
		};
		F07BE4CE24CF059E0080C18D /* UberCloneUITests */ = {
			isa = PBXNativeTarget;
			buildConfigurationList = F07BE4DE24CF059E0080C18D /* Build configuration list for PBXNativeTarget "UberCloneUITests" */;
			buildPhases = (
				1EED22D789D016D83155EECD /* [CP] Check Pods Manifest.lock */,
				F07BE4CB24CF059E0080C18D /* Sources */,
				F07BE4CC24CF059E0080C18D /* Frameworks */,
				F07BE4CD24CF059E0080C18D /* Resources */,
				9DC66DCEF9BAC8F3D28A91F4 /* [CP] Embed Pods Frameworks */,
			);
			buildRules = (
			);
			dependencies = (
				F07BE4D124CF059E0080C18D /* PBXTargetDependency */,
			);
			name = UberCloneUITests;
			productName = UberCloneUITests;
			productReference = F07BE4CF24CF059E0080C18D /* UberCloneUITests.xctest */;
			productType = "com.apple.product-type.bundle.ui-testing";
		};
/* End PBXNativeTarget section */

/* Begin PBXProject section */
		F07BE4A624CF059D0080C18D /* Project object */ = {
			isa = PBXProject;
			attributes = {
				LastSwiftUpdateCheck = 1160;
				LastUpgradeCheck = 1160;
				ORGANIZATIONNAME = "Hugo Flores Perez";
				TargetAttributes = {
					F07BE4AD24CF059D0080C18D = {
						CreatedOnToolsVersion = 11.6;
					};
					F07BE4C324CF059E0080C18D = {
						CreatedOnToolsVersion = 11.6;
						LastSwiftMigration = 1160;
						TestTargetID = F07BE4AD24CF059D0080C18D;
					};
					F07BE4CE24CF059E0080C18D = {
						CreatedOnToolsVersion = 11.6;
						TestTargetID = F07BE4AD24CF059D0080C18D;
					};
				};
			};
			buildConfigurationList = F07BE4A924CF059D0080C18D /* Build configuration list for PBXProject "UberClone" */;
			compatibilityVersion = "Xcode 9.3";
			developmentRegion = en;
			hasScannedForEncodings = 0;
			knownRegions = (
				en,
				Base,
			);
			mainGroup = F07BE4A524CF059D0080C18D;
			productRefGroup = F07BE4AF24CF059D0080C18D /* Products */;
			projectDirPath = "";
			projectRoot = "";
			targets = (
				F07BE4AD24CF059D0080C18D /* UberClone */,
				F07BE4C324CF059E0080C18D /* UberCloneTests */,
				F07BE4CE24CF059E0080C18D /* UberCloneUITests */,
			);
		};
/* End PBXProject section */

/* Begin PBXResourcesBuildPhase section */
		F07BE4AC24CF059D0080C18D /* Resources */ = {
			isa = PBXResourcesBuildPhase;
			buildActionMask = 2147483647;
			files = (
				F07BE4BE24CF059E0080C18D /* LaunchScreen.storyboard in Resources */,
				F07BE4BB24CF059E0080C18D /* Assets.xcassets in Resources */,
			);
			runOnlyForDeploymentPostprocessing = 0;
		};
		F07BE4C224CF059E0080C18D /* Resources */ = {
			isa = PBXResourcesBuildPhase;
			buildActionMask = 2147483647;
			files = (
				F034572A24CF190D00CEC196 /* test.json in Resources */,
			);
			runOnlyForDeploymentPostprocessing = 0;
		};
		F07BE4CD24CF059E0080C18D /* Resources */ = {
			isa = PBXResourcesBuildPhase;
			buildActionMask = 2147483647;
			files = (
			);
			runOnlyForDeploymentPostprocessing = 0;
		};
/* End PBXResourcesBuildPhase section */

/* Begin PBXShellScriptBuildPhase section */
		1EED22D789D016D83155EECD /* [CP] Check Pods Manifest.lock */ = {
			isa = PBXShellScriptBuildPhase;
			buildActionMask = 2147483647;
			files = (
			);
			inputFileListPaths = (
			);
			inputPaths = (
				"${PODS_PODFILE_DIR_PATH}/Podfile.lock",
				"${PODS_ROOT}/Manifest.lock",
			);
			name = "[CP] Check Pods Manifest.lock";
			outputFileListPaths = (
			);
			outputPaths = (
				"$(DERIVED_FILE_DIR)/Pods-UberClone-UberCloneUITests-checkManifestLockResult.txt",
			);
			runOnlyForDeploymentPostprocessing = 0;
			shellPath = /bin/sh;
			shellScript = "diff \"${PODS_PODFILE_DIR_PATH}/Podfile.lock\" \"${PODS_ROOT}/Manifest.lock\" > /dev/null\nif [ $? != 0 ] ; then\n    # print error to STDERR\n    echo \"error: The sandbox is not in sync with the Podfile.lock. Run 'pod install' or update your CocoaPods installation.\" >&2\n    exit 1\nfi\n# This output is used by Xcode 'outputs' to avoid re-running this script phase.\necho \"SUCCESS\" > \"${SCRIPT_OUTPUT_FILE_0}\"\n";
			showEnvVarsInLog = 0;
		};
		2A827C985602B8252B6E1287 /* [CP] Check Pods Manifest.lock */ = {
			isa = PBXShellScriptBuildPhase;
			buildActionMask = 2147483647;
			files = (
			);
			inputFileListPaths = (
			);
			inputPaths = (
				"${PODS_PODFILE_DIR_PATH}/Podfile.lock",
				"${PODS_ROOT}/Manifest.lock",
			);
			name = "[CP] Check Pods Manifest.lock";
			outputFileListPaths = (
			);
			outputPaths = (
				"$(DERIVED_FILE_DIR)/Pods-UberClone-checkManifestLockResult.txt",
			);
			runOnlyForDeploymentPostprocessing = 0;
			shellPath = /bin/sh;
			shellScript = "diff \"${PODS_PODFILE_DIR_PATH}/Podfile.lock\" \"${PODS_ROOT}/Manifest.lock\" > /dev/null\nif [ $? != 0 ] ; then\n    # print error to STDERR\n    echo \"error: The sandbox is not in sync with the Podfile.lock. Run 'pod install' or update your CocoaPods installation.\" >&2\n    exit 1\nfi\n# This output is used by Xcode 'outputs' to avoid re-running this script phase.\necho \"SUCCESS\" > \"${SCRIPT_OUTPUT_FILE_0}\"\n";
			showEnvVarsInLog = 0;
		};
		33E0AF091266E8A260D3DC7C /* [CP] Embed Pods Frameworks */ = {
			isa = PBXShellScriptBuildPhase;
			buildActionMask = 2147483647;
			files = (
			);
			inputFileListPaths = (
				"${PODS_ROOT}/Target Support Files/Pods-UberClone/Pods-UberClone-frameworks-${CONFIGURATION}-input-files.xcfilelist",
			);
			name = "[CP] Embed Pods Frameworks";
			outputFileListPaths = (
				"${PODS_ROOT}/Target Support Files/Pods-UberClone/Pods-UberClone-frameworks-${CONFIGURATION}-output-files.xcfilelist",
			);
			runOnlyForDeploymentPostprocessing = 0;
			shellPath = /bin/sh;
			shellScript = "\"${PODS_ROOT}/Target Support Files/Pods-UberClone/Pods-UberClone-frameworks.sh\"\n";
			showEnvVarsInLog = 0;
		};
		7EF93777C3F35B784784A5F8 /* [CP] Check Pods Manifest.lock */ = {
			isa = PBXShellScriptBuildPhase;
			buildActionMask = 2147483647;
			files = (
			);
			inputFileListPaths = (
			);
			inputPaths = (
				"${PODS_PODFILE_DIR_PATH}/Podfile.lock",
				"${PODS_ROOT}/Manifest.lock",
			);
			name = "[CP] Check Pods Manifest.lock";
			outputFileListPaths = (
			);
			outputPaths = (
				"$(DERIVED_FILE_DIR)/Pods-UberCloneTests-checkManifestLockResult.txt",
			);
			runOnlyForDeploymentPostprocessing = 0;
			shellPath = /bin/sh;
			shellScript = "diff \"${PODS_PODFILE_DIR_PATH}/Podfile.lock\" \"${PODS_ROOT}/Manifest.lock\" > /dev/null\nif [ $? != 0 ] ; then\n    # print error to STDERR\n    echo \"error: The sandbox is not in sync with the Podfile.lock. Run 'pod install' or update your CocoaPods installation.\" >&2\n    exit 1\nfi\n# This output is used by Xcode 'outputs' to avoid re-running this script phase.\necho \"SUCCESS\" > \"${SCRIPT_OUTPUT_FILE_0}\"\n";
			showEnvVarsInLog = 0;
		};
		9DC66DCEF9BAC8F3D28A91F4 /* [CP] Embed Pods Frameworks */ = {
			isa = PBXShellScriptBuildPhase;
			buildActionMask = 2147483647;
			files = (
			);
			inputFileListPaths = (
				"${PODS_ROOT}/Target Support Files/Pods-UberClone-UberCloneUITests/Pods-UberClone-UberCloneUITests-frameworks-${CONFIGURATION}-input-files.xcfilelist",
			);
			name = "[CP] Embed Pods Frameworks";
			outputFileListPaths = (
				"${PODS_ROOT}/Target Support Files/Pods-UberClone-UberCloneUITests/Pods-UberClone-UberCloneUITests-frameworks-${CONFIGURATION}-output-files.xcfilelist",
			);
			runOnlyForDeploymentPostprocessing = 0;
			shellPath = /bin/sh;
			shellScript = "\"${PODS_ROOT}/Target Support Files/Pods-UberClone-UberCloneUITests/Pods-UberClone-UberCloneUITests-frameworks.sh\"\n";
			showEnvVarsInLog = 0;
		};
/* End PBXShellScriptBuildPhase section */

/* Begin PBXSourcesBuildPhase section */
		F07BE4AA24CF059D0080C18D /* Sources */ = {
			isa = PBXSourcesBuildPhase;
			buildActionMask = 2147483647;
			files = (
				F07BE4B624CF059D0080C18D /* ViewController.swift in Sources */,
				F07BE4B224CF059D0080C18D /* AppDelegate.swift in Sources */,
				F07BE4B424CF059D0080C18D /* SceneDelegate.swift in Sources */,
			);
			runOnlyForDeploymentPostprocessing = 0;
		};
		F07BE4C024CF059E0080C18D /* Sources */ = {
			isa = PBXSourcesBuildPhase;
			buildActionMask = 2147483647;
			files = (
				F07BE4C924CF059E0080C18D /* UberCloneTests.swift in Sources */,
			);
			runOnlyForDeploymentPostprocessing = 0;
		};
		F07BE4CB24CF059E0080C18D /* Sources */ = {
			isa = PBXSourcesBuildPhase;
			buildActionMask = 2147483647;
			files = (
				F07BE4D424CF059E0080C18D /* UberCloneUITests.swift in Sources */,
			);
			runOnlyForDeploymentPostprocessing = 0;
		};
/* End PBXSourcesBuildPhase section */

/* Begin PBXTargetDependency section */
		F07BE4C624CF059E0080C18D /* PBXTargetDependency */ = {
			isa = PBXTargetDependency;
			target = F07BE4AD24CF059D0080C18D /* UberClone */;
			targetProxy = F07BE4C524CF059E0080C18D /* PBXContainerItemProxy */;
		};
		F07BE4D124CF059E0080C18D /* PBXTargetDependency */ = {
			isa = PBXTargetDependency;
			target = F07BE4AD24CF059D0080C18D /* UberClone */;
			targetProxy = F07BE4D024CF059E0080C18D /* PBXContainerItemProxy */;
		};
/* End PBXTargetDependency section */

/* Begin PBXVariantGroup section */
		F07BE4BC24CF059E0080C18D /* LaunchScreen.storyboard */ = {
			isa = PBXVariantGroup;
			children = (
				F07BE4BD24CF059E0080C18D /* Base */,
			);
			name = LaunchScreen.storyboard;
			sourceTree = "<group>";
		};
/* End PBXVariantGroup section */

/* Begin XCBuildConfiguration section */
		F07BE4D624CF059E0080C18D /* Debug */ = {
			isa = XCBuildConfiguration;
			buildSettings = {
				ALWAYS_SEARCH_USER_PATHS = NO;
				CLANG_ANALYZER_NONNULL = YES;
				CLANG_ANALYZER_NUMBER_OBJECT_CONVERSION = YES_AGGRESSIVE;
				CLANG_CXX_LANGUAGE_STANDARD = "gnu++14";
				CLANG_CXX_LIBRARY = "libc++";
				CLANG_ENABLE_MODULES = YES;
				CLANG_ENABLE_OBJC_ARC = YES;
				CLANG_ENABLE_OBJC_WEAK = YES;
				CLANG_WARN_BLOCK_CAPTURE_AUTORELEASING = YES;
				CLANG_WARN_BOOL_CONVERSION = YES;
				CLANG_WARN_COMMA = YES;
				CLANG_WARN_CONSTANT_CONVERSION = YES;
				CLANG_WARN_DEPRECATED_OBJC_IMPLEMENTATIONS = YES;
				CLANG_WARN_DIRECT_OBJC_ISA_USAGE = YES_ERROR;
				CLANG_WARN_DOCUMENTATION_COMMENTS = YES;
				CLANG_WARN_EMPTY_BODY = YES;
				CLANG_WARN_ENUM_CONVERSION = YES;
				CLANG_WARN_INFINITE_RECURSION = YES;
				CLANG_WARN_INT_CONVERSION = YES;
				CLANG_WARN_NON_LITERAL_NULL_CONVERSION = YES;
				CLANG_WARN_OBJC_IMPLICIT_RETAIN_SELF = YES;
				CLANG_WARN_OBJC_LITERAL_CONVERSION = YES;
				CLANG_WARN_OBJC_ROOT_CLASS = YES_ERROR;
				CLANG_WARN_RANGE_LOOP_ANALYSIS = YES;
				CLANG_WARN_STRICT_PROTOTYPES = YES;
				CLANG_WARN_SUSPICIOUS_MOVE = YES;
				CLANG_WARN_UNGUARDED_AVAILABILITY = YES_AGGRESSIVE;
				CLANG_WARN_UNREACHABLE_CODE = YES;
				CLANG_WARN__DUPLICATE_METHOD_MATCH = YES;
				COPY_PHASE_STRIP = NO;
				DEBUG_INFORMATION_FORMAT = dwarf;
				ENABLE_STRICT_OBJC_MSGSEND = YES;
				ENABLE_TESTABILITY = YES;
				GCC_C_LANGUAGE_STANDARD = gnu11;
				GCC_DYNAMIC_NO_PIC = NO;
				GCC_NO_COMMON_BLOCKS = YES;
				GCC_OPTIMIZATION_LEVEL = 0;
				GCC_PREPROCESSOR_DEFINITIONS = (
					"DEBUG=1",
					"$(inherited)",
				);
				GCC_WARN_64_TO_32_BIT_CONVERSION = YES;
				GCC_WARN_ABOUT_RETURN_TYPE = YES_ERROR;
				GCC_WARN_UNDECLARED_SELECTOR = YES;
				GCC_WARN_UNINITIALIZED_AUTOS = YES_AGGRESSIVE;
				GCC_WARN_UNUSED_FUNCTION = YES;
				GCC_WARN_UNUSED_VARIABLE = YES;
				IPHONEOS_DEPLOYMENT_TARGET = 13.6;
				MTL_ENABLE_DEBUG_INFO = INCLUDE_SOURCE;
				MTL_FAST_MATH = YES;
				ONLY_ACTIVE_ARCH = YES;
				SDKROOT = iphoneos;
				SWIFT_ACTIVE_COMPILATION_CONDITIONS = DEBUG;
				SWIFT_OPTIMIZATION_LEVEL = "-Onone";
			};
			name = Debug;
		};
		F07BE4D724CF059E0080C18D /* Release */ = {
			isa = XCBuildConfiguration;
			buildSettings = {
				ALWAYS_SEARCH_USER_PATHS = NO;
				CLANG_ANALYZER_NONNULL = YES;
				CLANG_ANALYZER_NUMBER_OBJECT_CONVERSION = YES_AGGRESSIVE;
				CLANG_CXX_LANGUAGE_STANDARD = "gnu++14";
				CLANG_CXX_LIBRARY = "libc++";
				CLANG_ENABLE_MODULES = YES;
				CLANG_ENABLE_OBJC_ARC = YES;
				CLANG_ENABLE_OBJC_WEAK = YES;
				CLANG_WARN_BLOCK_CAPTURE_AUTORELEASING = YES;
				CLANG_WARN_BOOL_CONVERSION = YES;
				CLANG_WARN_COMMA = YES;
				CLANG_WARN_CONSTANT_CONVERSION = YES;
				CLANG_WARN_DEPRECATED_OBJC_IMPLEMENTATIONS = YES;
				CLANG_WARN_DIRECT_OBJC_ISA_USAGE = YES_ERROR;
				CLANG_WARN_DOCUMENTATION_COMMENTS = YES;
				CLANG_WARN_EMPTY_BODY = YES;
				CLANG_WARN_ENUM_CONVERSION = YES;
				CLANG_WARN_INFINITE_RECURSION = YES;
				CLANG_WARN_INT_CONVERSION = YES;
				CLANG_WARN_NON_LITERAL_NULL_CONVERSION = YES;
				CLANG_WARN_OBJC_IMPLICIT_RETAIN_SELF = YES;
				CLANG_WARN_OBJC_LITERAL_CONVERSION = YES;
				CLANG_WARN_OBJC_ROOT_CLASS = YES_ERROR;
				CLANG_WARN_RANGE_LOOP_ANALYSIS = YES;
				CLANG_WARN_STRICT_PROTOTYPES = YES;
				CLANG_WARN_SUSPICIOUS_MOVE = YES;
				CLANG_WARN_UNGUARDED_AVAILABILITY = YES_AGGRESSIVE;
				CLANG_WARN_UNREACHABLE_CODE = YES;
				CLANG_WARN__DUPLICATE_METHOD_MATCH = YES;
				COPY_PHASE_STRIP = NO;
				DEBUG_INFORMATION_FORMAT = "dwarf-with-dsym";
				ENABLE_NS_ASSERTIONS = NO;
				ENABLE_STRICT_OBJC_MSGSEND = YES;
				GCC_C_LANGUAGE_STANDARD = gnu11;
				GCC_NO_COMMON_BLOCKS = YES;
				GCC_WARN_64_TO_32_BIT_CONVERSION = YES;
				GCC_WARN_ABOUT_RETURN_TYPE = YES_ERROR;
				GCC_WARN_UNDECLARED_SELECTOR = YES;
				GCC_WARN_UNINITIALIZED_AUTOS = YES_AGGRESSIVE;
				GCC_WARN_UNUSED_FUNCTION = YES;
				GCC_WARN_UNUSED_VARIABLE = YES;
				IPHONEOS_DEPLOYMENT_TARGET = 13.6;
				MTL_ENABLE_DEBUG_INFO = NO;
				MTL_FAST_MATH = YES;
				SDKROOT = iphoneos;
				SWIFT_COMPILATION_MODE = wholemodule;
				SWIFT_OPTIMIZATION_LEVEL = "-O";
				VALIDATE_PRODUCT = YES;
			};
			name = Release;
		};
		F07BE4D924CF059E0080C18D /* Debug */ = {
			isa = XCBuildConfiguration;
			baseConfigurationReference = C832560B37EBD58D900955BA /* Pods-UberClone.debug.xcconfig */;
			buildSettings = {
				ASSETCATALOG_COMPILER_APPICON_NAME = AppIcon;
				CODE_SIGN_STYLE = Automatic;
				INFOPLIST_FILE = UberClone/Info.plist;
				LD_RUNPATH_SEARCH_PATHS = (
					"$(inherited)",
					"@executable_path/Frameworks",
				);
				PRODUCT_BUNDLE_IDENTIFIER = com.hfp.UberClone;
				PRODUCT_NAME = "$(TARGET_NAME)";
				SWIFT_VERSION = 5.0;
				TARGETED_DEVICE_FAMILY = "1,2";
			};
			name = Debug;
		};
		F07BE4DA24CF059E0080C18D /* Release */ = {
			isa = XCBuildConfiguration;
			baseConfigurationReference = 5526B7681376EF4FDDFB04AA /* Pods-UberClone.release.xcconfig */;
			buildSettings = {
				ASSETCATALOG_COMPILER_APPICON_NAME = AppIcon;
				CODE_SIGN_STYLE = Automatic;
				INFOPLIST_FILE = UberClone/Info.plist;
				LD_RUNPATH_SEARCH_PATHS = (
					"$(inherited)",
					"@executable_path/Frameworks",
				);
				PRODUCT_BUNDLE_IDENTIFIER = com.hfp.UberClone;
				PRODUCT_NAME = "$(TARGET_NAME)";
				SWIFT_VERSION = 5.0;
				TARGETED_DEVICE_FAMILY = "1,2";
			};
			name = Release;
		};
		F07BE4DC24CF059E0080C18D /* Debug */ = {
			isa = XCBuildConfiguration;
			baseConfigurationReference = 43BECD11654D6CE1BDABD4C7 /* Pods-UberCloneTests.debug.xcconfig */;
			buildSettings = {
				ALWAYS_EMBED_SWIFT_STANDARD_LIBRARIES = YES;
				BUNDLE_LOADER = "$(TEST_HOST)";
				CLANG_ENABLE_MODULES = YES;
				CODE_SIGN_STYLE = Automatic;
				INFOPLIST_FILE = UberCloneTests/Info.plist;
				IPHONEOS_DEPLOYMENT_TARGET = 13.6;
				LD_RUNPATH_SEARCH_PATHS = (
					"$(inherited)",
					"@executable_path/Frameworks",
					"@loader_path/Frameworks",
				);
				PRODUCT_BUNDLE_IDENTIFIER = com.hfp.UberCloneTests;
				PRODUCT_NAME = "$(TARGET_NAME)";
				SWIFT_OBJC_BRIDGING_HEADER = "UberCloneTests/UberCloneTests-Bridging-Header.h";
				SWIFT_OPTIMIZATION_LEVEL = "-Onone";
				SWIFT_VERSION = 5.0;
				TARGETED_DEVICE_FAMILY = "1,2";
				TEST_HOST = "$(BUILT_PRODUCTS_DIR)/UberClone.app/UberClone";
			};
			name = Debug;
		};
		F07BE4DD24CF059E0080C18D /* Release */ = {
			isa = XCBuildConfiguration;
			baseConfigurationReference = A329E4BA73E21E52E63FA7A2 /* Pods-UberCloneTests.release.xcconfig */;
			buildSettings = {
				ALWAYS_EMBED_SWIFT_STANDARD_LIBRARIES = YES;
				BUNDLE_LOADER = "$(TEST_HOST)";
				CLANG_ENABLE_MODULES = YES;
				CODE_SIGN_STYLE = Automatic;
				INFOPLIST_FILE = UberCloneTests/Info.plist;
				IPHONEOS_DEPLOYMENT_TARGET = 13.6;
				LD_RUNPATH_SEARCH_PATHS = (
					"$(inherited)",
					"@executable_path/Frameworks",
					"@loader_path/Frameworks",
				);
				PRODUCT_BUNDLE_IDENTIFIER = com.hfp.UberCloneTests;
				PRODUCT_NAME = "$(TARGET_NAME)";
				SWIFT_OBJC_BRIDGING_HEADER = "UberCloneTests/UberCloneTests-Bridging-Header.h";
				SWIFT_VERSION = 5.0;
				TARGETED_DEVICE_FAMILY = "1,2";
				TEST_HOST = "$(BUILT_PRODUCTS_DIR)/UberClone.app/UberClone";
			};
			name = Release;
		};
		F07BE4DF24CF059E0080C18D /* Debug */ = {
			isa = XCBuildConfiguration;
			baseConfigurationReference = 65030CE855BE9CD1DBBFC6EC /* Pods-UberClone-UberCloneUITests.debug.xcconfig */;
			buildSettings = {
				ALWAYS_EMBED_SWIFT_STANDARD_LIBRARIES = YES;
				CODE_SIGN_STYLE = Automatic;
				INFOPLIST_FILE = UberCloneUITests/Info.plist;
				LD_RUNPATH_SEARCH_PATHS = (
					"$(inherited)",
					"@executable_path/Frameworks",
					"@loader_path/Frameworks",
				);
				PRODUCT_BUNDLE_IDENTIFIER = com.hfp.UberCloneUITests;
				PRODUCT_NAME = "$(TARGET_NAME)";
				SWIFT_VERSION = 5.0;
				TARGETED_DEVICE_FAMILY = "1,2";
				TEST_TARGET_NAME = UberClone;
			};
			name = Debug;
		};
		F07BE4E024CF059E0080C18D /* Release */ = {
			isa = XCBuildConfiguration;
			baseConfigurationReference = 16E7B9B4D98B536FAA23F61C /* Pods-UberClone-UberCloneUITests.release.xcconfig */;
			buildSettings = {
				ALWAYS_EMBED_SWIFT_STANDARD_LIBRARIES = YES;
				CODE_SIGN_STYLE = Automatic;
				INFOPLIST_FILE = UberCloneUITests/Info.plist;
				LD_RUNPATH_SEARCH_PATHS = (
					"$(inherited)",
					"@executable_path/Frameworks",
					"@loader_path/Frameworks",
				);
				PRODUCT_BUNDLE_IDENTIFIER = com.hfp.UberCloneUITests;
				PRODUCT_NAME = "$(TARGET_NAME)";
				SWIFT_VERSION = 5.0;
				TARGETED_DEVICE_FAMILY = "1,2";
				TEST_TARGET_NAME = UberClone;
			};
			name = Release;
		};
/* End XCBuildConfiguration section */

/* Begin XCConfigurationList section */
		F07BE4A924CF059D0080C18D /* Build configuration list for PBXProject "UberClone" */ = {
			isa = XCConfigurationList;
			buildConfigurations = (
				F07BE4D624CF059E0080C18D /* Debug */,
				F07BE4D724CF059E0080C18D /* Release */,
			);
			defaultConfigurationIsVisible = 0;
			defaultConfigurationName = Release;
		};
		F07BE4D824CF059E0080C18D /* Build configuration list for PBXNativeTarget "UberClone" */ = {
			isa = XCConfigurationList;
			buildConfigurations = (
				F07BE4D924CF059E0080C18D /* Debug */,
				F07BE4DA24CF059E0080C18D /* Release */,
			);
			defaultConfigurationIsVisible = 0;
			defaultConfigurationName = Release;
		};
		F07BE4DB24CF059E0080C18D /* Build configuration list for PBXNativeTarget "UberCloneTests" */ = {
			isa = XCConfigurationList;
			buildConfigurations = (
				F07BE4DC24CF059E0080C18D /* Debug */,
				F07BE4DD24CF059E0080C18D /* Release */,
			);
			defaultConfigurationIsVisible = 0;
			defaultConfigurationName = Release;
		};
		F07BE4DE24CF059E0080C18D /* Build configuration list for PBXNativeTarget "UberCloneUITests" */ = {
			isa = XCConfigurationList;
			buildConfigurations = (
				F07BE4DF24CF059E0080C18D /* Debug */,
				F07BE4E024CF059E0080C18D /* Release */,
			);
			defaultConfigurationIsVisible = 0;
			defaultConfigurationName = Release;
		};
/* End XCConfigurationList section */
	};
	rootObject = F07BE4A624CF059D0080C18D /* Project object */;
}
